
Microsoft Visual Studio Solution File, Format Version 12.00
# Visual Studio 15
VisualStudioVersion = 15.0.28307.102
MinimumVisualStudioVersion = 10.0.40219.1
Project("{FAE04EC0-301F-11D3-BF4B-00C04F79EFBC}") = "nlove_homework02", "nlove_homework02\nlove_homework02.csproj", "{5CC97E44-FE99-4CFB-86F3-A30695F4D7D1}"
EndProject
Global
	GlobalSection(SolutionConfigurationPlatforms) = preSolution
		Debug|Any CPU = Debug|Any CPU
		Release|Any CPU = Release|Any CPU
	EndGlobalSection
	GlobalSection(ProjectConfigurationPlatforms) = postSolution
		{5CC97E44-FE99-4CFB-86F3-A30695F4D7D1}.Debug|Any CPU.ActiveCfg = Debug|Any CPU
		{5CC97E44-FE99-4CFB-86F3-A30695F4D7D1}.Debug|Any CPU.Build.0 = Debug|Any CPU
		{5CC97E44-FE99-4CFB-86F3-A30695F4D7D1}.Release|Any CPU.ActiveCfg = Release|Any CPU
		{5CC97E44-FE99-4CFB-86F3-A30695F4D7D1}.Release|Any CPU.Build.0 = Release|Any CPU
	EndGlobalSection
	GlobalSection(SolutionProperties) = preSolution
		HideSolutionNode = FALSE
	EndGlobalSection
	GlobalSection(ExtensibilityGlobals) = postSolution
		SolutionGuid = {F5CE1533-564D-47C4-B2A3-89BA16075268}
	EndGlobalSection
EndGlobal
